
Microsoft Visual Studio Solution File, Format Version 12.00
# Visual Studio Version 17
VisualStudioVersion = 17.8.34511.84
MinimumVisualStudioVersion = 10.0.40219.1
Project("{FAE04EC0-301F-11D3-BF4B-00C04F79EFBC}") = "HistorialAngel", "HistorialAngel\HistorialAngel.csproj", "{6B93D618-EEF7-48A7-8786-3B7B894B59E5}"
EndProject
Global
	GlobalSection(SolutionConfigurationPlatforms) = preSolution
		Debug|Any CPU = Debug|Any CPU
		Release|Any CPU = Release|Any CPU
	EndGlobalSection
	GlobalSection(ProjectConfigurationPlatforms) = postSolution
		{6B93D618-EEF7-48A7-8786-3B7B894B59E5}.Debug|Any CPU.ActiveCfg = Debug|Any CPU
		{6B93D618-EEF7-48A7-8786-3B7B894B59E5}.Debug|Any CPU.Build.0 = Debug|Any CPU
		{6B93D618-EEF7-48A7-8786-3B7B894B59E5}.Release|Any CPU.ActiveCfg = Release|Any CPU
		{6B93D618-EEF7-48A7-8786-3B7B894B59E5}.Release|Any CPU.Build.0 = Release|Any CPU
	EndGlobalSection
	GlobalSection(SolutionProperties) = preSolution
		HideSolutionNode = FALSE
	EndGlobalSection
	GlobalSection(ExtensibilityGlobals) = postSolution
		SolutionGuid = {E63574DE-92DF-4F99-ABDE-4311877460FB}
	EndGlobalSection
EndGlobal
